// !$*UTF8*$!
{
	archiveVersion = 1;
	classes = {
	};
	objectVersion = 77;
	objects = {

/* Begin PBXBuildFile section */
		A10000000000000000000001 /* MDPLink.m in Sources */ = {isa = PBXBuildFile; fileRef = A20000000000000000000003 /* MDPLink.m */; };
		A10000000000000000000002 /* MDPDual.m in Sources */ = {isa = PBXBuildFile; fileRef = A20000000000000000000005 /* MDPDual.m */; };
		A10000000000000000000003 /* Foundation.framework in Frameworks */ = {isa = PBXBuildFile; fileRef = A20000000000000000000006 /* Foundation.framework */; };
/* End PBXBuildFile section */

/* Begin PBXFileReference section */
		A20000000000000000000001 /* mac-dual-pipe.h */ = {isa = PBXFileReference; lastKnownFileType = sourcecode.c.h; path = mac-dual-pipe.h; sourceTree = "<group>"; };
		A20000000000000000000002 /* MDPLink.h */ = {isa = PBXFileReference; lastKnownFileType = sourcecode.c.h; path = MDPLink.h; sourceTree = "<group>"; };
		A20000000000000000000003 /* MDPLink.m */ = {isa = PBXFileReference; lastKnownFileType = sourcecode.c.objc; path = MDPLink.m; sourceTree = "<group>"; };
		A20000000000000000000004 /* MDPDual.h */ = {isa = PBXFileReference; lastKnownFileType = sourcecode.c.h; path = MDPDual.h; sourceTree = "<group>"; };
		A20000000000000000000005 /* MDPDual.m */ = {isa = PBXFileReference; lastKnownFileType = sourcecode.c.objc; path = MDPDual.m; sourceTree = "<group>"; };
		A20000000000000000000006 /* Foundation.framework */ = {isa = PBXFileReference; lastKnownFileType = wrapper.framework; name = Foundation.framework; path = System/Library/Frameworks/Foundation.framework; sourceTree = SDKROOT; };
		A20000000000000000000007 /* libmac-dual-pipe.a */ = {isa = PBXFileReference; explicitFileType = archive.ar; includeInIndex = 0; path = libmac-dual-pipe.a; sourceTree = BUILT_PRODUCTS_DIR; };
/* End PBXFileReference section */

/* Begin PBXFrameworksBuildPhase section */
		A30000000000000000000001 /* Frameworks */ = {
			isa = PBXFrameworksBuildPhase;
			buildActionMask = 2147483647;
			files = (
				A10000000000000000000003 /* Foundation.framework in Frameworks */,
			);
			runOnlyForDeploymentPostprocessing = 0;
		};
/* End PBXFrameworksBuildPhase section */

/* Begin PBXGroup section */
		A40000000000000000000001 /* Project object */ = {
			isa = PBXGroup;
			children = (
				A40000000000000000000002 /* src */,
				A40000000000000000000003 /* Products */,
			);
			sourceTree = "<group>";
		};
		A40000000000000000000002 /* src */ = {
			isa = PBXGroup;
			children = (
				A20000000000000000000001 /* mac-dual-pipe.h */,
				A20000000000000000000002 /* MDPLink.h */,
				A20000000000000000000003 /* MDPLink.m */,
				A20000000000000000000004 /* MDPDual.h */,
				A20000000000000000000005 /* MDPDual.m */,
			);
			path = src;
			sourceTree = "<group>";
		};
		A40000000000000000000003 /* Products */ = {
			isa = PBXGroup;
			children = (
				A20000000000000000000007 /* libmac-dual-pipe.a */,
			);
			name = Products;
			sourceTree = "<group>";
		};
/* End PBXGroup section */

/* Begin PBXNativeTarget section */
		A50000000000000000000001 /* mac-dual-pipe */ = {
			isa = PBXNativeTarget;
			buildConfigurationList = A60000000000000000000003 /* Build configuration list for PBXNativeTarget "mac-dual-pipe" */;
			buildPhases = (
				A30000000000000000000002 /* Sources */,
				A30000000000000000000001 /* Frameworks */,
			);
			buildRules = (
			);
			dependencies = (
			);
			name = mac-dual-pipe;
			productName = mac-dual-pipe;
			productReference = A20000000000000000000007 /* libmac-dual-pipe.a */;
			productType = "com.apple.product-type.library.static";
		};
/* End PBXNativeTarget section */

/* Begin PBXProject section */
		A50000000000000000000002 /* Project object */ = {
			isa = PBXProject;
			attributes = {
				BuildIndependentTargetsInParallel = 1;
				LastUpgradeCheck = 2600;
			};
			buildConfigurationList = A60000000000000000000001 /* Build configuration list for PBXProject "mac-dual-pipe" */;
			compatibilityVersion = "Xcode 26.0";
			developmentRegion = en;
			hasScannedForEncodings = 0;
			knownRegions = (
				en,
			);
			mainGroup = A40000000000000000000001 /* Project object */;
			productRefGroup = A40000000000000000000003 /* Products */;
			projectDirPath = "";
			projectRoot = "";
			targets = (
				A50000000000000000000001 /* mac-dual-pipe */,
			);
		};
/* End PBXProject section */

/* Begin PBXSourcesBuildPhase section */
		A30000000000000000000002 /* Sources */ = {
			isa = PBXSourcesBuildPhase;
			buildActionMask = 2147483647;
			files = (
				A10000000000000000000001 /* MDPLink.m in Sources */,
				A10000000000000000000002 /* MDPDual.m in Sources */,
			);
			runOnlyForDeploymentPostprocessing = 0;
		};
/* End PBXSourcesBuildPhase section */

/* Begin XCBuildConfiguration section */
		A60000000000000000000004 /* Debug */ = {
			isa = XCBuildConfiguration;
			buildSettings = {
				ALWAYS_SEARCH_USER_PATHS = NO;
				CLANG_ENABLE_OBJC_ARC = YES;
				COPY_PHASE_STRIP = NO;
				DEBUG_INFORMATION_FORMAT = dwarf;
				GCC_C_LANGUAGE_STANDARD = gnu11;
				GCC_OPTIMIZATION_LEVEL = 0;
				MACOSX_DEPLOYMENT_TARGET = 13.0;
				ONLY_ACTIVE_ARCH = YES;
				SDKROOT = macosx;
			};
			name = Debug;
		};
		A60000000000000000000005 /* Release */ = {
			isa = XCBuildConfiguration;
			buildSettings = {
				ALWAYS_SEARCH_USER_PATHS = NO;
				CLANG_ENABLE_OBJC_ARC = YES;
				COPY_PHASE_STRIP = NO;
				DEBUG_INFORMATION_FORMAT = "dwarf-with-dsym";
				GCC_C_LANGUAGE_STANDARD = gnu11;
				MACOSX_DEPLOYMENT_TARGET = 13.0;
				SDKROOT = macosx;
			};
			name = Release;
		};
		A60000000000000000000006 /* Debug */ = {
			isa = XCBuildConfiguration;
			buildSettings = {
				EXECUTABLE_PREFIX = lib;
				GCC_PREPROCESSOR_DEFINITIONS = (
					"DEBUG=1",
					"$(inherited)",
				);
				PRODUCT_NAME = mac-dual-pipe;
				SKIP_INSTALL = YES;
			};
			name = Debug;
		};
		A60000000000000000000007 /* Release */ = {
			isa = XCBuildConfiguration;
			buildSettings = {
				EXECUTABLE_PREFIX = lib;
				PRODUCT_NAME = mac-dual-pipe;
				SKIP_INSTALL = YES;
			};
			name = Release;
		};
/* End XCBuildConfiguration section */

/* Begin XCConfigurationList section */
		A60000000000000000000001 /* Build configuration list for PBXProject "mac-dual-pipe" */ = {
			isa = XCConfigurationList;
			buildConfigurations = (
				A60000000000000000000004 /* Debug */,
				A60000000000000000000005 /* Release */,
			);
			defaultConfigurationIsVisible = 0;
			defaultConfigurationName = Release;
		};
		A60000000000000000000003 /* Build configuration list for PBXNativeTarget "mac-dual-pipe" */ = {
			isa = XCConfigurationList;
			buildConfigurations = (
				A60000000000000000000006 /* Debug */,
				A60000000000000000000007 /* Release */,
			);
			defaultConfigurationIsVisible = 0;
			defaultConfigurationName = Release;
		};
/* End XCConfigurationList section */

	};
	rootObject = A50000000000000000000002 /* Project object */;
}
